
Microsoft Visual Studio Solution File, Format Version 12.00
# Visual Studio Version 17
VisualStudioVersion = 17.0.31903.59
MinimumVisualStudioVersion = 10.0.40219.1
Project("{2150E333-8FDC-42A3-9474-1A3956D46DE8}") = "src", "src", "{827E0CD3-B72D-47B6-A68D-7590B98EB39B}"
EndProject
Project("{FAE04EC0-301F-11D3-BF4B-00C04F79EFBC}") = "Chromahash", "src\Chromahash\Chromahash.csproj", "{ACFB9830-D61B-4724-89B5-F4BF260E2B53}"
EndProject
Project("{FAE04EC0-301F-11D3-BF4B-00C04F79EFBC}") = "Chromahash.Cli", "src\Chromahash.Cli\Chromahash.Cli.csproj", "{B1E2F3A4-5678-9012-ABCD-EF0123456789}"
EndProject
Project("{2150E333-8FDC-42A3-9474-1A3956D46DE8}") = "tests", "tests", "{0AB3BF05-4346-4AA6-1389-037BE0695223}"
EndProject
Project("{FAE04EC0-301F-11D3-BF4B-00C04F79EFBC}") = "Chromahash.Tests", "tests\Chromahash.Tests\Chromahash.Tests.csproj", "{6EA4B453-2BBE-4E31-83F0-506641620A0B}"
EndProject
Global
	GlobalSection(SolutionConfigurationPlatforms) = preSolution
		Debug|Any CPU = Debug|Any CPU
		Debug|x64 = Debug|x64
		Debug|x86 = Debug|x86
		Release|Any CPU = Release|Any CPU
		Release|x64 = Release|x64
		Release|x86 = Release|x86
	EndGlobalSection
	GlobalSection(ProjectConfigurationPlatforms) = postSolution
		{ACFB9830-D61B-4724-89B5-F4BF260E2B53}.Debug|Any CPU.ActiveCfg = Debug|Any CPU
		{ACFB9830-D61B-4724-89B5-F4BF260E2B53}.Debug|Any CPU.Build.0 = Debug|Any CPU
		{ACFB9830-D61B-4724-89B5-F4BF260E2B53}.Debug|x64.ActiveCfg = Debug|Any CPU
		{ACFB9830-D61B-4724-89B5-F4BF260E2B53}.Debug|x64.Build.0 = Debug|Any CPU
		{ACFB9830-D61B-4724-89B5-F4BF260E2B53}.Debug|x86.ActiveCfg = Debug|Any CPU
		{ACFB9830-D61B-4724-89B5-F4BF260E2B53}.Debug|x86.Build.0 = Debug|Any CPU
		{ACFB9830-D61B-4724-89B5-F4BF260E2B53}.Release|Any CPU.ActiveCfg = Release|Any CPU
		{ACFB9830-D61B-4724-89B5-F4BF260E2B53}.Release|Any CPU.Build.0 = Release|Any CPU
		{ACFB9830-D61B-4724-89B5-F4BF260E2B53}.Release|x64.ActiveCfg = Release|Any CPU
		{ACFB9830-D61B-4724-89B5-F4BF260E2B53}.Release|x64.Build.0 = Release|Any CPU
		{ACFB9830-D61B-4724-89B5-F4BF260E2B53}.Release|x86.ActiveCfg = Release|Any CPU
		{ACFB9830-D61B-4724-89B5-F4BF260E2B53}.Release|x86.Build.0 = Release|Any CPU
		{B1E2F3A4-5678-9012-ABCD-EF0123456789}.Debug|Any CPU.ActiveCfg = Debug|Any CPU
		{B1E2F3A4-5678-9012-ABCD-EF0123456789}.Debug|Any CPU.Build.0 = Debug|Any CPU
		{B1E2F3A4-5678-9012-ABCD-EF0123456789}.Debug|x64.ActiveCfg = Debug|Any CPU
		{B1E2F3A4-5678-9012-ABCD-EF0123456789}.Debug|x64.Build.0 = Debug|Any CPU
		{B1E2F3A4-5678-9012-ABCD-EF0123456789}.Debug|x86.ActiveCfg = Debug|Any CPU
		{B1E2F3A4-5678-9012-ABCD-EF0123456789}.Debug|x86.Build.0 = Debug|Any CPU
		{B1E2F3A4-5678-9012-ABCD-EF0123456789}.Release|Any CPU.ActiveCfg = Release|Any CPU
		{B1E2F3A4-5678-9012-ABCD-EF0123456789}.Release|Any CPU.Build.0 = Release|Any CPU
		{B1E2F3A4-5678-9012-ABCD-EF0123456789}.Release|x64.ActiveCfg = Release|Any CPU
		{B1E2F3A4-5678-9012-ABCD-EF0123456789}.Release|x64.Build.0 = Release|Any CPU
		{B1E2F3A4-5678-9012-ABCD-EF0123456789}.Release|x86.ActiveCfg = Release|Any CPU
		{B1E2F3A4-5678-9012-ABCD-EF0123456789}.Release|x86.Build.0 = Release|Any CPU
		{6EA4B453-2BBE-4E31-83F0-506641620A0B}.Debug|Any CPU.ActiveCfg = Debug|Any CPU
		{6EA4B453-2BBE-4E31-83F0-506641620A0B}.Debug|Any CPU.Build.0 = Debug|Any CPU
		{6EA4B453-2BBE-4E31-83F0-506641620A0B}.Debug|x64.ActiveCfg = Debug|Any CPU
		{6EA4B453-2BBE-4E31-83F0-506641620A0B}.Debug|x64.Build.0 = Debug|Any CPU
		{6EA4B453-2BBE-4E31-83F0-506641620A0B}.Debug|x86.ActiveCfg = Debug|Any CPU
		{6EA4B453-2BBE-4E31-83F0-506641620A0B}.Debug|x86.Build.0 = Debug|Any CPU
		{6EA4B453-2BBE-4E31-83F0-506641620A0B}.Release|Any CPU.ActiveCfg = Release|Any CPU
		{6EA4B453-2BBE-4E31-83F0-506641620A0B}.Release|Any CPU.Build.0 = Release|Any CPU
		{6EA4B453-2BBE-4E31-83F0-506641620A0B}.Release|x64.ActiveCfg = Release|Any CPU
		{6EA4B453-2BBE-4E31-83F0-506641620A0B}.Release|x64.Build.0 = Release|Any CPU
		{6EA4B453-2BBE-4E31-83F0-506641620A0B}.Release|x86.ActiveCfg = Release|Any CPU
		{6EA4B453-2BBE-4E31-83F0-506641620A0B}.Release|x86.Build.0 = Release|Any CPU
	EndGlobalSection
	GlobalSection(SolutionProperties) = preSolution
		HideSolutionNode = FALSE
	EndGlobalSection
	GlobalSection(NestedProjects) = preSolution
		{ACFB9830-D61B-4724-89B5-F4BF260E2B53} = {827E0CD3-B72D-47B6-A68D-7590B98EB39B}
		{B1E2F3A4-5678-9012-ABCD-EF0123456789} = {827E0CD3-B72D-47B6-A68D-7590B98EB39B}
		{6EA4B453-2BBE-4E31-83F0-506641620A0B} = {0AB3BF05-4346-4AA6-1389-037BE0695223}
	EndGlobalSection
EndGlobal
